
Microsoft Visual Studio Solution File, Format Version 12.00
# Visual Studio Version 17
VisualStudioVersion = 17.7.34009.444
MinimumVisualStudioVersion = 10.0.40219.1
Project("{9A19103F-16F7-4668-BE54-9A1E7A4F7556}") = "PayrollWebApp", "PayrollWebApp.csproj", "{4BE3544D-673B-4FEF-88BA-7E2E84A88188}"
EndProject
Global
	GlobalSection(SolutionConfigurationPlatforms) = preSolution
		Debug|Any CPU = Debug|Any CPU
		Release|Any CPU = Release|Any CPU
	EndGlobalSection
	GlobalSection(ProjectConfigurationPlatforms) = postSolution
		{4BE3544D-673B-4FEF-88BA-7E2E84A88188}.Debug|Any CPU.ActiveCfg = Debug|Any CPU
		{4BE3544D-673B-4FEF-88BA-7E2E84A88188}.Debug|Any CPU.Build.0 = Debug|Any CPU
		{4BE3544D-673B-4FEF-88BA-7E2E84A88188}.Release|Any CPU.ActiveCfg = Release|Any CPU
		{4BE3544D-673B-4FEF-88BA-7E2E84A88188}.Release|Any CPU.Build.0 = Release|Any CPU
	EndGlobalSection
	GlobalSection(SolutionProperties) = preSolution
		HideSolutionNode = FALSE
	EndGlobalSection
	GlobalSection(ExtensibilityGlobals) = postSolution
		SolutionGuid = {8E612A1F-2053-40A2-B7C2-4F674AB785DF}
	EndGlobalSection
EndGlobal
